// !$*UTF8*$!
{
	archiveVersion = 1;
	classes = {
	};
	objectVersion = 77;
	objects = {

/* Begin PBXBuildFile section */
		588463102D7D51CC008E9356 /* ARKit.framework in Frameworks */ = {isa = PBXBuildFile; fileRef = 5884630F2D7D51CC008E9356 /* ARKit.framework */; };
/* End PBXBuildFile section */

/* Begin PBXContainerItemProxy section */
		588462F22D7D50FE008E9356 /* PBXContainerItemProxy */ = {
			isa = PBXContainerItemProxy;
			containerPortal = 588462D92D7D50FC008E9356 /* Project object */;
			proxyType = 1;
			remoteGlobalIDString = 588462E02D7D50FC008E9356;
			remoteInfo = ARDepthStream;
		};
		588462FC2D7D50FE008E9356 /* PBXContainerItemProxy */ = {
			isa = PBXContainerItemProxy;
			containerPortal = 588462D92D7D50FC008E9356 /* Project object */;
			proxyType = 1;
			remoteGlobalIDString = 588462E02D7D50FC008E9356;
			remoteInfo = ARDepthStream;
		};
/* End PBXContainerItemProxy section */

/* Begin PBXFileReference section */
		588462E12D7D50FC008E9356 /* ARDepthStream.app */ = {isa = PBXFileReference; explicitFileType = wrapper.application; includeInIndex = 0; path = ARDepthStream.app; sourceTree = BUILT_PRODUCTS_DIR; };
		588462F12D7D50FE008E9356 /* ARDepthStreamTests.xctest */ = {isa = PBXFileReference; explicitFileType = wrapper.cfbundle; includeInIndex = 0; path = ARDepthStreamTests.xctest; sourceTree = BUILT_PRODUCTS_DIR; };
		588462FB2D7D50FE008E9356 /* ARDepthStreamUITests.xctest */ = {isa = PBXFileReference; explicitFileType = wrapper.cfbundle; includeInIndex = 0; path = ARDepthStreamUITests.xctest; sourceTree = BUILT_PRODUCTS_DIR; };
		5884630F2D7D51CC008E9356 /* ARKit.framework */ = {isa = PBXFileReference; lastKnownFileType = wrapper.framework; name = ARKit.framework; path = System/Library/Frameworks/ARKit.framework; sourceTree = SDKROOT; };
/* End PBXFileReference section */

/* Begin PBXFileSystemSynchronizedBuildFileExceptionSet section */
		588463282D7E2D30008E9356 /* Exceptions for "ARDepthStream" folder in "ARDepthStream" target */ = {
			isa = PBXFileSystemSynchronizedBuildFileExceptionSet;
			membershipExceptions = (
				Info.plist,
			);
			target = 588462E02D7D50FC008E9356 /* ARDepthStream */;
		};
/* End PBXFileSystemSynchronizedBuildFileExceptionSet section */

/* Begin PBXFileSystemSynchronizedRootGroup section */
		588462E32D7D50FC008E9356 /* ARDepthStream */ = {
			isa = PBXFileSystemSynchronizedRootGroup;
			exceptions = (
				588463282D7E2D30008E9356 /* Exceptions for "ARDepthStream" folder in "ARDepthStream" target */,
			);
			path = ARDepthStream;
			sourceTree = "<group>";
		};
		588462F42D7D50FE008E9356 /* ARDepthStreamTests */ = {
			isa = PBXFileSystemSynchronizedRootGroup;
			path = ARDepthStreamTests;
			sourceTree = "<group>";
		};
		588462FE2D7D50FE008E9356 /* ARDepthStreamUITests */ = {
			isa = PBXFileSystemSynchronizedRootGroup;
			path = ARDepthStreamUITests;
			sourceTree = "<group>";
		};
/* End PBXFileSystemSynchronizedRootGroup section */

/* Begin PBXFrameworksBuildPhase section */
		588462DE2D7D50FC008E9356 /* Frameworks */ = {
			isa = PBXFrameworksBuildPhase;
			buildActionMask = 2147483647;
			files = (
				588463102D7D51CC008E9356 /* ARKit.framework in Frameworks */,
			);
			runOnlyForDeploymentPostprocessing = 0;
		};
		588462EE2D7D50FE008E9356 /* Frameworks */ = {
			isa = PBXFrameworksBuildPhase;
			buildActionMask = 2147483647;
			files = (
			);
			runOnlyForDeploymentPostprocessing = 0;
		};
		588462F82D7D50FE008E9356 /* Frameworks */ = {
			isa = PBXFrameworksBuildPhase;
			buildActionMask = 2147483647;
			files = (
			);
			runOnlyForDeploymentPostprocessing = 0;
		};
/* End PBXFrameworksBuildPhase section */

/* Begin PBXGroup section */
		588462D82D7D50FC008E9356 = {
			isa = PBXGroup;
			children = (
				588462E32D7D50FC008E9356 /* ARDepthStream */,
				588462F42D7D50FE008E9356 /* ARDepthStreamTests */,
				588462FE2D7D50FE008E9356 /* ARDepthStreamUITests */,
				5884630E2D7D51CC008E9356 /* Frameworks */,
				588462E22D7D50FC008E9356 /* Products */,
			);
			sourceTree = "<group>";
		};
		588462E22D7D50FC008E9356 /* Products */ = {
			isa = PBXGroup;
			children = (
				588462E12D7D50FC008E9356 /* ARDepthStream.app */,
				588462F12D7D50FE008E9356 /* ARDepthStreamTests.xctest */,
				588462FB2D7D50FE008E9356 /* ARDepthStreamUITests.xctest */,
			);
			name = Products;
			sourceTree = "<group>";
		};
		5884630E2D7D51CC008E9356 /* Frameworks */ = {
			isa = PBXGroup;
			children = (
				5884630F2D7D51CC008E9356 /* ARKit.framework */,
			);
			name = Frameworks;
			sourceTree = "<group>";
		};
/* End PBXGroup section */

/* Begin PBXNativeTarget section */
		588462E02D7D50FC008E9356 /* ARDepthStream */ = {
			isa = PBXNativeTarget;
			buildConfigurationList = 588463052D7D50FE008E9356 /* Build configuration list for PBXNativeTarget "ARDepthStream" */;
			buildPhases = (
				588462DD2D7D50FC008E9356 /* Sources */,
				588462DE2D7D50FC008E9356 /* Frameworks */,
				588462DF2D7D50FC008E9356 /* Resources */,
			);
			buildRules = (
			);
			dependencies = (
			);
			fileSystemSynchronizedGroups = (
				588462E32D7D50FC008E9356 /* ARDepthStream */,
			);
			name = ARDepthStream;
			packageProductDependencies = (
			);
			productName = ARDepthStream;
			productReference = 588462E12D7D50FC008E9356 /* ARDepthStream.app */;
			productType = "com.apple.product-type.application";
		};
		588462F02D7D50FE008E9356 /* ARDepthStreamTests */ = {
			isa = PBXNativeTarget;
			buildConfigurationList = 588463082D7D50FE008E9356 /* Build configuration list for PBXNativeTarget "ARDepthStreamTests" */;
			buildPhases = (
				588462ED2D7D50FE008E9356 /* Sources */,
				588462EE2D7D50FE008E9356 /* Frameworks */,
				588462EF2D7D50FE008E9356 /* Resources */,
			);
			buildRules = (
			);
			dependencies = (
				588462F32D7D50FE008E9356 /* PBXTargetDependency */,
			);
			fileSystemSynchronizedGroups = (
				588462F42D7D50FE008E9356 /* ARDepthStreamTests */,
			);
			name = ARDepthStreamTests;
			packageProductDependencies = (
			);
			productName = ARDepthStreamTests;
			productReference = 588462F12D7D50FE008E9356 /* ARDepthStreamTests.xctest */;
			productType = "com.apple.product-type.bundle.unit-test";
		};
		588462FA2D7D50FE008E9356 /* ARDepthStreamUITests */ = {
			isa = PBXNativeTarget;
			buildConfigurationList = 5884630B2D7D50FE008E9356 /* Build configuration list for PBXNativeTarget "ARDepthStreamUITests" */;
			buildPhases = (
				588462F72D7D50FE008E9356 /* Sources */,
				588462F82D7D50FE008E9356 /* Frameworks */,
				588462F92D7D50FE008E9356 /* Resources */,
			);
			buildRules = (
			);
			dependencies = (
				588462FD2D7D50FE008E9356 /* PBXTargetDependency */,
			);
			fileSystemSynchronizedGroups = (
				588462FE2D7D50FE008E9356 /* ARDepthStreamUITests */,
			);
			name = ARDepthStreamUITests;
			packageProductDependencies = (
			);
			productName = ARDepthStreamUITests;
			productReference = 588462FB2D7D50FE008E9356 /* ARDepthStreamUITests.xctest */;
			productType = "com.apple.product-type.bundle.ui-testing";
		};
/* End PBXNativeTarget section */

/* Begin PBXProject section */
		588462D92D7D50FC008E9356 /* Project object */ = {
			isa = PBXProject;
			attributes = {
				BuildIndependentTargetsInParallel = 1;
				LastSwiftUpdateCheck = 1620;
				LastUpgradeCheck = 1620;
				TargetAttributes = {
					588462E02D7D50FC008E9356 = {
						CreatedOnToolsVersion = 16.2;
					};
					588462F02D7D50FE008E9356 = {
						CreatedOnToolsVersion = 16.2;
						TestTargetID = 588462E02D7D50FC008E9356;
					};
					588462FA2D7D50FE008E9356 = {
						CreatedOnToolsVersion = 16.2;
						TestTargetID = 588462E02D7D50FC008E9356;
					};
				};
			};
			buildConfigurationList = 588462DC2D7D50FC008E9356 /* Build configuration list for PBXProject "ARDepthStream" */;
			developmentRegion = en;
			hasScannedForEncodings = 0;
			knownRegions = (
				en,
				Base,
			);
			mainGroup = 588462D82D7D50FC008E9356;
			minimizedProjectReferenceProxies = 1;
			preferredProjectObjectVersion = 77;
			productRefGroup = 588462E22D7D50FC008E9356 /* Products */;
			projectDirPath = "";
			projectRoot = "";
			targets = (
				588462E02D7D50FC008E9356 /* ARDepthStream */,
				588462F02D7D50FE008E9356 /* ARDepthStreamTests */,
				588462FA2D7D50FE008E9356 /* ARDepthStreamUITests */,
			);
		};
/* End PBXProject section */

/* Begin PBXResourcesBuildPhase section */
		588462DF2D7D50FC008E9356 /* Resources */ = {
			isa = PBXResourcesBuildPhase;
			buildActionMask = 2147483647;
			files = (
			);
			runOnlyForDeploymentPostprocessing = 0;
		};
		588462EF2D7D50FE008E9356 /* Resources */ = {
			isa = PBXResourcesBuildPhase;
			buildActionMask = 2147483647;
			files = (
			);
			runOnlyForDeploymentPostprocessing = 0;
		};
		588462F92D7D50FE008E9356 /* Resources */ = {
			isa = PBXResourcesBuildPhase;
			buildActionMask = 2147483647;
			files = (
			);
			runOnlyForDeploymentPostprocessing = 0;
		};
/* End PBXResourcesBuildPhase section */

/* Begin PBXSourcesBuildPhase section */
		588462DD2D7D50FC008E9356 /* Sources */ = {
			isa = PBXSourcesBuildPhase;
			buildActionMask = 2147483647;
			files = (
			);
			runOnlyForDeploymentPostprocessing = 0;
		};
		588462ED2D7D50FE008E9356 /* Sources */ = {
			isa = PBXSourcesBuildPhase;
			buildActionMask = 2147483647;
			files = (
			);
			runOnlyForDeploymentPostprocessing = 0;
		};
		588462F72D7D50FE008E9356 /* Sources */ = {
			isa = PBXSourcesBuildPhase;
			buildActionMask = 2147483647;
			files = (
			);
			runOnlyForDeploymentPostprocessing = 0;
		};
/* End PBXSourcesBuildPhase section */

/* Begin PBXTargetDependency section */
		588462F32D7D50FE008E9356 /* PBXTargetDependency */ = {
			isa = PBXTargetDependency;
			target = 588462E02D7D50FC008E9356 /* ARDepthStream */;
			targetProxy = 588462F22D7D50FE008E9356 /* PBXContainerItemProxy */;
		};
		588462FD2D7D50FE008E9356 /* PBXTargetDependency */ = {
			isa = PBXTargetDependency;
			target = 588462E02D7D50FC008E9356 /* ARDepthStream */;
			targetProxy = 588462FC2D7D50FE008E9356 /* PBXContainerItemProxy */;
		};
/* End PBXTargetDependency section */

/* Begin XCBuildConfiguration section */
		588463032D7D50FE008E9356 /* Debug */ = {
			isa = XCBuildConfiguration;
			buildSettings = {
				ALWAYS_SEARCH_USER_PATHS = NO;
				ASSETCATALOG_COMPILER_GENERATE_SWIFT_ASSET_SYMBOL_EXTENSIONS = YES;
				CLANG_ANALYZER_NONNULL = YES;
				CLANG_ANALYZER_NUMBER_OBJECT_CONVERSION = YES_AGGRESSIVE;
				CLANG_CXX_LANGUAGE_STANDARD = "gnu++20";
				CLANG_ENABLE_MODULES = YES;
				CLANG_ENABLE_OBJC_ARC = YES;
				CLANG_ENABLE_OBJC_WEAK = YES;
				CLANG_WARN_BLOCK_CAPTURE_AUTORELEASING = YES;
				CLANG_WARN_BOOL_CONVERSION = YES;
				CLANG_WARN_COMMA = YES;
				CLANG_WARN_CONSTANT_CONVERSION = YES;
				CLANG_WARN_DEPRECATED_OBJC_IMPLEMENTATIONS = YES;
				CLANG_WARN_DIRECT_OBJC_ISA_USAGE = YES_ERROR;
				CLANG_WARN_DOCUMENTATION_COMMENTS = YES;
				CLANG_WARN_EMPTY_BODY = YES;
				CLANG_WARN_ENUM_CONVERSION = YES;
				CLANG_WARN_INFINITE_RECURSION = YES;
				CLANG_WARN_INT_CONVERSION = YES;
				CLANG_WARN_NON_LITERAL_NULL_CONVERSION = YES;
				CLANG_WARN_OBJC_IMPLICIT_RETAIN_SELF = YES;
				CLANG_WARN_OBJC_LITERAL_CONVERSION = YES;
				CLANG_WARN_OBJC_ROOT_CLASS = YES_ERROR;
				CLANG_WARN_QUOTED_INCLUDE_IN_FRAMEWORK_HEADER = YES;
				CLANG_WARN_RANGE_LOOP_ANALYSIS = YES;
				CLANG_WARN_STRICT_PROTOTYPES = YES;
				CLANG_WARN_SUSPICIOUS_MOVE = YES;
				CLANG_WARN_UNGUARDED_AVAILABILITY = YES_AGGRESSIVE;
				CLANG_WARN_UNREACHABLE_CODE = YES;
				CLANG_WARN__DUPLICATE_METHOD_MATCH = YES;
				COPY_PHASE_STRIP = NO;
				DEBUG_INFORMATION_FORMAT = dwarf;
				ENABLE_STRICT_OBJC_MSGSEND = YES;
				ENABLE_TESTABILITY = YES;
				ENABLE_USER_SCRIPT_SANDBOXING = YES;
				GCC_C_LANGUAGE_STANDARD = gnu17;
				GCC_DYNAMIC_NO_PIC = NO;
				GCC_NO_COMMON_BLOCKS = YES;
				GCC_OPTIMIZATION_LEVEL = 0;
				GCC_PREPROCESSOR_DEFINITIONS = (
					"DEBUG=1",
					"$(inherited)",
				);
				GCC_WARN_64_TO_32_BIT_CONVERSION = YES;
				GCC_WARN_ABOUT_RETURN_TYPE = YES_ERROR;
				GCC_WARN_UNDECLARED_SELECTOR = YES;
				GCC_WARN_UNINITIALIZED_AUTOS = YES_AGGRESSIVE;
				GCC_WARN_UNUSED_FUNCTION = YES;
				GCC_WARN_UNUSED_VARIABLE = YES;
				IPHONEOS_DEPLOYMENT_TARGET = 18.2;
				LOCALIZATION_PREFERS_STRING_CATALOGS = YES;
				MTL_ENABLE_DEBUG_INFO = INCLUDE_SOURCE;
				MTL_FAST_MATH = YES;
				ONLY_ACTIVE_ARCH = YES;
				SDKROOT = iphoneos;
				SWIFT_ACTIVE_COMPILATION_CONDITIONS = "DEBUG $(inherited)";
				SWIFT_OPTIMIZATION_LEVEL = "-Onone";
			};
			name = Debug;
		};
		588463042D7D50FE008E9356 /* Release */ = {
			isa = XCBuildConfiguration;
			buildSettings = {
				ALWAYS_SEARCH_USER_PATHS = NO;
				ASSETCATALOG_COMPILER_GENERATE_SWIFT_ASSET_SYMBOL_EXTENSIONS = YES;
				CLANG_ANALYZER_NONNULL = YES;
				CLANG_ANALYZER_NUMBER_OBJECT_CONVERSION = YES_AGGRESSIVE;
				CLANG_CXX_LANGUAGE_STANDARD = "gnu++20";
				CLANG_ENABLE_MODULES = YES;
				CLANG_ENABLE_OBJC_ARC = YES;
				CLANG_ENABLE_OBJC_WEAK = YES;
				CLANG_WARN_BLOCK_CAPTURE_AUTORELEASING = YES;
				CLANG_WARN_BOOL_CONVERSION = YES;
				CLANG_WARN_COMMA = YES;
				CLANG_WARN_CONSTANT_CONVERSION = YES;
				CLANG_WARN_DEPRECATED_OBJC_IMPLEMENTATIONS = YES;
				CLANG_WARN_DIRECT_OBJC_ISA_USAGE = YES_ERROR;
				CLANG_WARN_DOCUMENTATION_COMMENTS = YES;
				CLANG_WARN_EMPTY_BODY = YES;
				CLANG_WARN_ENUM_CONVERSION = YES;
				CLANG_WARN_INFINITE_RECURSION = YES;
				CLANG_WARN_INT_CONVERSION = YES;
				CLANG_WARN_NON_LITERAL_NULL_CONVERSION = YES;
				CLANG_WARN_OBJC_IMPLICIT_RETAIN_SELF = YES;
				CLANG_WARN_OBJC_LITERAL_CONVERSION = YES;
				CLANG_WARN_OBJC_ROOT_CLASS = YES_ERROR;
				CLANG_WARN_QUOTED_INCLUDE_IN_FRAMEWORK_HEADER = YES;
				CLANG_WARN_RANGE_LOOP_ANALYSIS = YES;
				CLANG_WARN_STRICT_PROTOTYPES = YES;
				CLANG_WARN_SUSPICIOUS_MOVE = YES;
				CLANG_WARN_UNGUARDED_AVAILABILITY = YES_AGGRESSIVE;
				CLANG_WARN_UNREACHABLE_CODE = YES;
				CLANG_WARN__DUPLICATE_METHOD_MATCH = YES;
				COPY_PHASE_STRIP = NO;
				DEBUG_INFORMATION_FORMAT = "dwarf-with-dsym";
				ENABLE_NS_ASSERTIONS = NO;
				ENABLE_STRICT_OBJC_MSGSEND = YES;
				ENABLE_USER_SCRIPT_SANDBOXING = YES;
				GCC_C_LANGUAGE_STANDARD = gnu17;
				GCC_NO_COMMON_BLOCKS = YES;
				GCC_WARN_64_TO_32_BIT_CONVERSION = YES;
				GCC_WARN_ABOUT_RETURN_TYPE = YES_ERROR;
				GCC_WARN_UNDECLARED_SELECTOR = YES;
				GCC_WARN_UNINITIALIZED_AUTOS = YES_AGGRESSIVE;
				GCC_WARN_UNUSED_FUNCTION = YES;
				GCC_WARN_UNUSED_VARIABLE = YES;
				IPHONEOS_DEPLOYMENT_TARGET = 18.2;
				LOCALIZATION_PREFERS_STRING_CATALOGS = YES;
				MTL_ENABLE_DEBUG_INFO = NO;
				MTL_FAST_MATH = YES;
				SDKROOT = iphoneos;
				SWIFT_COMPILATION_MODE = wholemodule;
				VALIDATE_PRODUCT = YES;
			};
			name = Release;
		};
		588463062D7D50FE008E9356 /* Debug */ = {
			isa = XCBuildConfiguration;
			buildSettings = {
				ASSETCATALOG_COMPILER_APPICON_NAME = AppIcon;
				ASSETCATALOG_COMPILER_GLOBAL_ACCENT_COLOR_NAME = AccentColor;
				CODE_SIGN_IDENTITY = "Apple Development";
				CODE_SIGN_STYLE = Automatic;
				CURRENT_PROJECT_VERSION = 1;
				DEVELOPMENT_ASSET_PATHS = "\"ARDepthStream/Preview Content\"";
				DEVELOPMENT_TEAM = C658W77DY8;
				ENABLE_PREVIEWS = YES;
				GENERATE_INFOPLIST_FILE = YES;
				INFOPLIST_FILE = ARDepthStream/Info.plist;
				INFOPLIST_KEY_ITSAppUsesNonExemptEncryption = NO;
				INFOPLIST_KEY_LSSupportsOpeningDocumentsInPlace = YES;
				INFOPLIST_KEY_NSCameraUsageDescription = "Camera access is required for AR depth visualization";
				INFOPLIST_KEY_UIApplicationSceneManifest_Generation = YES;
				INFOPLIST_KEY_UIApplicationSupportsIndirectInputEvents = YES;
				INFOPLIST_KEY_UILaunchScreen_Generation = YES;
				INFOPLIST_KEY_UIRequiredDeviceCapabilities = arkit;
				INFOPLIST_KEY_UIRequiresFullScreen = YES;
				INFOPLIST_KEY_UISupportedInterfaceOrientations = UIInterfaceOrientationPortrait;
				IPHONEOS_DEPLOYMENT_TARGET = 16.0;
				LD_RUNPATH_SEARCH_PATHS = (
					"$(inherited)",
					"@executable_path/Frameworks",
				);
				MARKETING_VERSION = 0.1;
				PRODUCT_BUNDLE_IDENTIFIER = com.madabilitylab.ARDepthStream;
				PRODUCT_NAME = "$(TARGET_NAME)";
				PROVISIONING_PROFILE_SPECIFIER = "";
				SUPPORTED_PLATFORMS = "iphoneos iphonesimulator";
				SUPPORTS_MACCATALYST = NO;
				SUPPORTS_MAC_DESIGNED_FOR_IPHONE_IPAD = NO;
				SWIFT_EMIT_LOC_STRINGS = YES;
				SWIFT_VERSION = 5.0;
				TARGETED_DEVICE_FAMILY = "1,2";
			};
			name = Debug;
		};
		588463072D7D50FE008E9356 /* Release */ = {
			isa = XCBuildConfiguration;
			buildSettings = {
				ASSETCATALOG_COMPILER_APPICON_NAME = AppIcon;
				ASSETCATALOG_COMPILER_GLOBAL_ACCENT_COLOR_NAME = AccentColor;
				CODE_SIGN_IDENTITY = "Apple Development";
				CODE_SIGN_STYLE = Automatic;
				CURRENT_PROJECT_VERSION = 1;
				DEVELOPMENT_ASSET_PATHS = "\"ARDepthStream/Preview Content\"";
				DEVELOPMENT_TEAM = C658W77DY8;
				ENABLE_PREVIEWS = YES;
				GENERATE_INFOPLIST_FILE = YES;
				INFOPLIST_FILE = ARDepthStream/Info.plist;
				INFOPLIST_KEY_ITSAppUsesNonExemptEncryption = NO;
				INFOPLIST_KEY_LSSupportsOpeningDocumentsInPlace = YES;
				INFOPLIST_KEY_NSCameraUsageDescription = "Camera access is required for AR depth visualization";
				INFOPLIST_KEY_UIApplicationSceneManifest_Generation = YES;
				INFOPLIST_KEY_UIApplicationSupportsIndirectInputEvents = YES;
				INFOPLIST_KEY_UILaunchScreen_Generation = YES;
				INFOPLIST_KEY_UIRequiredDeviceCapabilities = arkit;
				INFOPLIST_KEY_UIRequiresFullScreen = YES;
				INFOPLIST_KEY_UISupportedInterfaceOrientations = UIInterfaceOrientationPortrait;
				IPHONEOS_DEPLOYMENT_TARGET = 16.0;
				LD_RUNPATH_SEARCH_PATHS = (
					"$(inherited)",
					"@executable_path/Frameworks",
				);
				MARKETING_VERSION = 0.1;
				PRODUCT_BUNDLE_IDENTIFIER = com.madabilitylab.ARDepthStream;
				PRODUCT_NAME = "$(TARGET_NAME)";
				PROVISIONING_PROFILE_SPECIFIER = "";
				SUPPORTED_PLATFORMS = "iphoneos iphonesimulator";
				SUPPORTS_MACCATALYST = NO;
				SUPPORTS_MAC_DESIGNED_FOR_IPHONE_IPAD = NO;
				SWIFT_EMIT_LOC_STRINGS = YES;
				SWIFT_VERSION = 5.0;
				TARGETED_DEVICE_FAMILY = "1,2";
			};
			name = Release;
		};
		588463092D7D50FE008E9356 /* Debug */ = {
			isa = XCBuildConfiguration;
			buildSettings = {
				BUNDLE_LOADER = "$(TEST_HOST)";
				CODE_SIGN_STYLE = Automatic;
				CURRENT_PROJECT_VERSION = 1;
				DEVELOPMENT_TEAM = C658W77DY8;
				GENERATE_INFOPLIST_FILE = YES;
				IPHONEOS_DEPLOYMENT_TARGET = 18.2;
				MARKETING_VERSION = 1.0;
				PRODUCT_BUNDLE_IDENTIFIER = com.madabilitylab.ARDepthStreamTests;
				PRODUCT_NAME = "$(TARGET_NAME)";
				SWIFT_EMIT_LOC_STRINGS = NO;
				SWIFT_VERSION = 5.0;
				TARGETED_DEVICE_FAMILY = "1,2";
				TEST_HOST = "$(BUILT_PRODUCTS_DIR)/ARDepthStream.app/$(BUNDLE_EXECUTABLE_FOLDER_PATH)/ARDepthStream";
			};
			name = Debug;
		};
		5884630A2D7D50FE008E9356 /* Release */ = {
			isa = XCBuildConfiguration;
			buildSettings = {
				BUNDLE_LOADER = "$(TEST_HOST)";
				CODE_SIGN_STYLE = Automatic;
				CURRENT_PROJECT_VERSION = 1;
				DEVELOPMENT_TEAM = C658W77DY8;
				GENERATE_INFOPLIST_FILE = YES;
				IPHONEOS_DEPLOYMENT_TARGET = 18.2;
				MARKETING_VERSION = 1.0;
				PRODUCT_BUNDLE_IDENTIFIER = com.madabilitylab.ARDepthStreamTests;
				PRODUCT_NAME = "$(TARGET_NAME)";
				SWIFT_EMIT_LOC_STRINGS = NO;
				SWIFT_VERSION = 5.0;
				TARGETED_DEVICE_FAMILY = "1,2";
				TEST_HOST = "$(BUILT_PRODUCTS_DIR)/ARDepthStream.app/$(BUNDLE_EXECUTABLE_FOLDER_PATH)/ARDepthStream";
			};
			name = Release;
		};
		5884630C2D7D50FE008E9356 /* Debug */ = {
			isa = XCBuildConfiguration;
			buildSettings = {
				CODE_SIGN_STYLE = Automatic;
				CURRENT_PROJECT_VERSION = 1;
				DEVELOPMENT_TEAM = C658W77DY8;
				GENERATE_INFOPLIST_FILE = YES;
				MARKETING_VERSION = 1.0;
				PRODUCT_BUNDLE_IDENTIFIER = com.madabilitylab.ARDepthStreamUITests;
				PRODUCT_NAME = "$(TARGET_NAME)";
				SWIFT_EMIT_LOC_STRINGS = NO;
				SWIFT_VERSION = 5.0;
				TARGETED_DEVICE_FAMILY = "1,2";
				TEST_TARGET_NAME = ARDepthStream;
			};
			name = Debug;
		};
		5884630D2D7D50FE008E9356 /* Release */ = {
			isa = XCBuildConfiguration;
			buildSettings = {
				CODE_SIGN_STYLE = Automatic;
				CURRENT_PROJECT_VERSION = 1;
				DEVELOPMENT_TEAM = C658W77DY8;
				GENERATE_INFOPLIST_FILE = YES;
				MARKETING_VERSION = 1.0;
				PRODUCT_BUNDLE_IDENTIFIER = com.madabilitylab.ARDepthStreamUITests;
				PRODUCT_NAME = "$(TARGET_NAME)";
				SWIFT_EMIT_LOC_STRINGS = NO;
				SWIFT_VERSION = 5.0;
				TARGETED_DEVICE_FAMILY = "1,2";
				TEST_TARGET_NAME = ARDepthStream;
			};
			name = Release;
		};
/* End XCBuildConfiguration section */

/* Begin XCConfigurationList section */
		588462DC2D7D50FC008E9356 /* Build configuration list for PBXProject "ARDepthStream" */ = {
			isa = XCConfigurationList;
			buildConfigurations = (
				588463032D7D50FE008E9356 /* Debug */,
				588463042D7D50FE008E9356 /* Release */,
			);
			defaultConfigurationIsVisible = 0;
			defaultConfigurationName = Release;
		};
		588463052D7D50FE008E9356 /* Build configuration list for PBXNativeTarget "ARDepthStream" */ = {
			isa = XCConfigurationList;
			buildConfigurations = (
				588463062D7D50FE008E9356 /* Debug */,
				588463072D7D50FE008E9356 /* Release */,
			);
			defaultConfigurationIsVisible = 0;
			defaultConfigurationName = Release;
		};
		588463082D7D50FE008E9356 /* Build configuration list for PBXNativeTarget "ARDepthStreamTests" */ = {
			isa = XCConfigurationList;
			buildConfigurations = (
				588463092D7D50FE008E9356 /* Debug */,
				5884630A2D7D50FE008E9356 /* Release */,
			);
			defaultConfigurationIsVisible = 0;
			defaultConfigurationName = Release;
		};
		5884630B2D7D50FE008E9356 /* Build configuration list for PBXNativeTarget "ARDepthStreamUITests" */ = {
			isa = XCConfigurationList;
			buildConfigurations = (
				5884630C2D7D50FE008E9356 /* Debug */,
				5884630D2D7D50FE008E9356 /* Release */,
			);
			defaultConfigurationIsVisible = 0;
			defaultConfigurationName = Release;
		};
/* End XCConfigurationList section */
	};
	rootObject = 588462D92D7D50FC008E9356 /* Project object */;
}
